
Microsoft Visual Studio Solution File, Format Version 12.00
# Visual Studio 14
VisualStudioVersion = 14.0.25420.1
MinimumVisualStudioVersion = 10.0.40219.1
Project("{FAE04EC0-301F-11D3-BF4B-00C04F79EFBC}") = "Notify", "Notify\Notify.csproj", "{1CB19BA9-296F-43EC-B170-E8BE06C6FE0D}"
EndProject
Project("{FAE04EC0-301F-11D3-BF4B-00C04F79EFBC}") = "KeyboardHook", "KeyboardHook\KeyboardHook.csproj", "{4FFC4B2E-D046-42BB-AAF8-4740B603279E}"
EndProject
Global
	GlobalSection(SolutionConfigurationPlatforms) = preSolution
		Debug|Any CPU = Debug|Any CPU
		Release|Any CPU = Release|Any CPU
	EndGlobalSection
	GlobalSection(ProjectConfigurationPlatforms) = postSolution
		{1CB19BA9-296F-43EC-B170-E8BE06C6FE0D}.Debug|Any CPU.ActiveCfg = Debug|Any CPU
		{1CB19BA9-296F-43EC-B170-E8BE06C6FE0D}.Debug|Any CPU.Build.0 = Debug|Any CPU
		{1CB19BA9-296F-43EC-B170-E8BE06C6FE0D}.Release|Any CPU.ActiveCfg = Release|Any CPU
		{1CB19BA9-296F-43EC-B170-E8BE06C6FE0D}.Release|Any CPU.Build.0 = Release|Any CPU
		{4FFC4B2E-D046-42BB-AAF8-4740B603279E}.Debug|Any CPU.ActiveCfg = Debug|Any CPU
		{4FFC4B2E-D046-42BB-AAF8-4740B603279E}.Debug|Any CPU.Build.0 = Debug|Any CPU
		{4FFC4B2E-D046-42BB-AAF8-4740B603279E}.Release|Any CPU.ActiveCfg = Release|Any CPU
		{4FFC4B2E-D046-42BB-AAF8-4740B603279E}.Release|Any CPU.Build.0 = Release|Any CPU
	EndGlobalSection
	GlobalSection(SolutionProperties) = preSolution
		HideSolutionNode = FALSE
	EndGlobalSection
EndGlobal
